// !$*UTF8*$!
{
	archiveVersion = 1;
	classes = {
	};
	objectVersion = 50;
	objects = {

/* Begin PBXBuildFile section */
		6F93B97C217D452800A23E65 /* AppDelegate.swift in Sources */ = {isa = PBXBuildFile; fileRef = 6F93B97B217D452800A23E65 /* AppDelegate.swift */; };
		6F93B97E217D452800A23E65 /* ViewController.swift in Sources */ = {isa = PBXBuildFile; fileRef = 6F93B97D217D452800A23E65 /* ViewController.swift */; };
		6F93B981217D452800A23E65 /* Main.storyboard in Resources */ = {isa = PBXBuildFile; fileRef = 6F93B97F217D452800A23E65 /* Main.storyboard */; };
		6F93B984217D452800A23E65 /* TestCoreData.xcdatamodeld in Sources */ = {isa = PBXBuildFile; fileRef = 6F93B982217D452800A23E65 /* TestCoreData.xcdatamodeld */; };
		6F93B986217D452900A23E65 /* Assets.xcassets in Resources */ = {isa = PBXBuildFile; fileRef = 6F93B985217D452900A23E65 /* Assets.xcassets */; };
		6F93B989217D452900A23E65 /* LaunchScreen.storyboard in Resources */ = {isa = PBXBuildFile; fileRef = 6F93B987217D452900A23E65 /* LaunchScreen.storyboard */; };
		6F93B994217D47DC00A23E65 /* Task.swift in Sources */ = {isa = PBXBuildFile; fileRef = 6F93B993217D47DC00A23E65 /* Task.swift */; };
		6F93B99C217E91B800A23E65 /* Custom in Resources */ = {isa = PBXBuildFile; fileRef = 6F93B99B217E91B800A23E65 /* Custom */; };
		6F93B9A1217EEEED00A23E65 /* CategoryViewController.swift in Sources */ = {isa = PBXBuildFile; fileRef = 6F93B9A0217EEEED00A23E65 /* CategoryViewController.swift */; };
		6F93B9A3217EEFC100A23E65 /* Category.swift in Sources */ = {isa = PBXBuildFile; fileRef = 6F93B9A2217EEFC100A23E65 /* Category.swift */; };
		B014D631869F2275CE5C35E5 /* Pods_TestCoreData.framework in Frameworks */ = {isa = PBXBuildFile; fileRef = 3EC12F4A71669EDFC55522DE /* Pods_TestCoreData.framework */; };
/* End PBXBuildFile section */

/* Begin PBXFileReference section */
		3EC12F4A71669EDFC55522DE /* Pods_TestCoreData.framework */ = {isa = PBXFileReference; explicitFileType = wrapper.framework; includeInIndex = 0; path = Pods_TestCoreData.framework; sourceTree = BUILT_PRODUCTS_DIR; };
		6F93B978217D452800A23E65 /* TestCoreData.app */ = {isa = PBXFileReference; explicitFileType = wrapper.application; includeInIndex = 0; path = TestCoreData.app; sourceTree = BUILT_PRODUCTS_DIR; };
		6F93B97B217D452800A23E65 /* AppDelegate.swift */ = {isa = PBXFileReference; lastKnownFileType = sourcecode.swift; path = AppDelegate.swift; sourceTree = "<group>"; };
		6F93B97D217D452800A23E65 /* ViewController.swift */ = {isa = PBXFileReference; lastKnownFileType = sourcecode.swift; path = ViewController.swift; sourceTree = "<group>"; };
		6F93B980217D452800A23E65 /* Base */ = {isa = PBXFileReference; lastKnownFileType = file.storyboard; name = Base; path = Base.lproj/Main.storyboard; sourceTree = "<group>"; };
		6F93B983217D452800A23E65 /* TestCoreData.xcdatamodel */ = {isa = PBXFileReference; lastKnownFileType = wrapper.xcdatamodel; path = TestCoreData.xcdatamodel; sourceTree = "<group>"; };
		6F93B985217D452900A23E65 /* Assets.xcassets */ = {isa = PBXFileReference; lastKnownFileType = folder.assetcatalog; path = Assets.xcassets; sourceTree = "<group>"; };
		6F93B988217D452900A23E65 /* Base */ = {isa = PBXFileReference; lastKnownFileType = file.storyboard; name = Base; path = Base.lproj/LaunchScreen.storyboard; sourceTree = "<group>"; };
		6F93B98A217D452900A23E65 /* Info.plist */ = {isa = PBXFileReference; lastKnownFileType = text.plist.xml; path = Info.plist; sourceTree = "<group>"; };
		6F93B993217D47DC00A23E65 /* Task.swift */ = {isa = PBXFileReference; lastKnownFileType = sourcecode.swift; path = Task.swift; sourceTree = "<group>"; };
		6F93B99B217E91B800A23E65 /* Custom */ = {isa = PBXFileReference; lastKnownFileType = folder; path = Custom; sourceTree = "<group>"; };
		6F93B9A0217EEEED00A23E65 /* CategoryViewController.swift */ = {isa = PBXFileReference; lastKnownFileType = sourcecode.swift; path = CategoryViewController.swift; sourceTree = "<group>"; };
		6F93B9A2217EEFC100A23E65 /* Category.swift */ = {isa = PBXFileReference; lastKnownFileType = sourcecode.swift; path = Category.swift; sourceTree = "<group>"; };
		8EFB7D80B2F0C09E3EBB79CB /* Pods-TestCoreData.debug.xcconfig */ = {isa = PBXFileReference; includeInIndex = 1; lastKnownFileType = text.xcconfig; name = "Pods-TestCoreData.debug.xcconfig"; path = "Pods/Target Support Files/Pods-TestCoreData/Pods-TestCoreData.debug.xcconfig"; sourceTree = "<group>"; };
		EA34B5C1AD6E37427FB8891F /* Pods-TestCoreData.release.xcconfig */ = {isa = PBXFileReference; includeInIndex = 1; lastKnownFileType = text.xcconfig; name = "Pods-TestCoreData.release.xcconfig"; path = "Pods/Target Support Files/Pods-TestCoreData/Pods-TestCoreData.release.xcconfig"; sourceTree = "<group>"; };
/* End PBXFileReference section */

/* Begin PBXFrameworksBuildPhase section */
		6F93B975217D452800A23E65 /* Frameworks */ = {
			isa = PBXFrameworksBuildPhase;
			buildActionMask = 2147483647;
			files = (
				B014D631869F2275CE5C35E5 /* Pods_TestCoreData.framework in Frameworks */,
			);
			runOnlyForDeploymentPostprocessing = 0;
		};
/* End PBXFrameworksBuildPhase section */

/* Begin PBXGroup section */
		513D46B2DD1C5F24FFB237DB /* Pods */ = {
			isa = PBXGroup;
			children = (
				8EFB7D80B2F0C09E3EBB79CB /* Pods-TestCoreData.debug.xcconfig */,
				EA34B5C1AD6E37427FB8891F /* Pods-TestCoreData.release.xcconfig */,
			);
			name = Pods;
			sourceTree = "<group>";
		};
		6F93B96F217D452800A23E65 = {
			isa = PBXGroup;
			children = (
				6F93B97A217D452800A23E65 /* TestCoreData */,
				6F93B979217D452800A23E65 /* Products */,
				513D46B2DD1C5F24FFB237DB /* Pods */,
				E75238062D6080E55CE8898D /* Frameworks */,
			);
			sourceTree = "<group>";
		};
		6F93B979217D452800A23E65 /* Products */ = {
			isa = PBXGroup;
			children = (
				6F93B978217D452800A23E65 /* TestCoreData.app */,
			);
			name = Products;
			sourceTree = "<group>";
		};
		6F93B97A217D452800A23E65 /* TestCoreData */ = {
			isa = PBXGroup;
			children = (
				6F93B99D217EEDEC00A23E65 /* ViewController */,
				6F93B99B217E91B800A23E65 /* Custom */,
				6F93B992217D473600A23E65 /* Models */,
				6F93B97B217D452800A23E65 /* AppDelegate.swift */,
				6F93B97F217D452800A23E65 /* Main.storyboard */,
				6F93B985217D452900A23E65 /* Assets.xcassets */,
				6F93B987217D452900A23E65 /* LaunchScreen.storyboard */,
				6F93B98A217D452900A23E65 /* Info.plist */,
				6F93B982217D452800A23E65 /* TestCoreData.xcdatamodeld */,
			);
			path = TestCoreData;
			sourceTree = "<group>";
		};
		6F93B992217D473600A23E65 /* Models */ = {
			isa = PBXGroup;
			children = (
				6F93B993217D47DC00A23E65 /* Task.swift */,
				6F93B9A2217EEFC100A23E65 /* Category.swift */,
			);
			path = Models;
			sourceTree = "<group>";
		};
		6F93B99D217EEDEC00A23E65 /* ViewController */ = {
			isa = PBXGroup;
			children = (
				6F93B97D217D452800A23E65 /* ViewController.swift */,
				6F93B9A0217EEEED00A23E65 /* CategoryViewController.swift */,
			);
			path = ViewController;
			sourceTree = "<group>";
		};
		E75238062D6080E55CE8898D /* Frameworks */ = {
			isa = PBXGroup;
			children = (
				3EC12F4A71669EDFC55522DE /* Pods_TestCoreData.framework */,
			);
			name = Frameworks;
			sourceTree = "<group>";
		};
/* End PBXGroup section */

/* Begin PBXNativeTarget section */
		6F93B977217D452800A23E65 /* TestCoreData */ = {
			isa = PBXNativeTarget;
			buildConfigurationList = 6F93B98D217D452900A23E65 /* Build configuration list for PBXNativeTarget "TestCoreData" */;
			buildPhases = (
				0CE282857BA67EA2884FA546 /* [CP] Check Pods Manifest.lock */,
				6F93B974217D452800A23E65 /* Sources */,
				6F93B975217D452800A23E65 /* Frameworks */,
				6F93B976217D452800A23E65 /* Resources */,
				7F75B1B0CC8909128678CC47 /* [CP] Embed Pods Frameworks */,
			);
			buildRules = (
			);
			dependencies = (
			);
			name = TestCoreData;
			productName = TestCoreData;
			productReference = 6F93B978217D452800A23E65 /* TestCoreData.app */;
			productType = "com.apple.product-type.application";
		};
/* End PBXNativeTarget section */

/* Begin PBXProject section */
		6F93B970217D452800A23E65 /* Project object */ = {
			isa = PBXProject;
			attributes = {
				LastSwiftUpdateCheck = 0930;
				LastUpgradeCheck = 0930;
				ORGANIZATIONNAME = "Lainel John Dela Cruz";
				TargetAttributes = {
					6F93B977217D452800A23E65 = {
						CreatedOnToolsVersion = 9.3.1;
					};
				};
			};
			buildConfigurationList = 6F93B973217D452800A23E65 /* Build configuration list for PBXProject "TestCoreData" */;
			compatibilityVersion = "Xcode 9.3";
			developmentRegion = en;
			hasScannedForEncodings = 0;
			knownRegions = (
				en,
				Base,
			);
			mainGroup = 6F93B96F217D452800A23E65;
			productRefGroup = 6F93B979217D452800A23E65 /* Products */;
			projectDirPath = "";
			projectRoot = "";
			targets = (
				6F93B977217D452800A23E65 /* TestCoreData */,
			);
		};
/* End PBXProject section */

/* Begin PBXResourcesBuildPhase section */
		6F93B976217D452800A23E65 /* Resources */ = {
			isa = PBXResourcesBuildPhase;
			buildActionMask = 2147483647;
			files = (
				6F93B989217D452900A23E65 /* LaunchScreen.storyboard in Resources */,
				6F93B99C217E91B800A23E65 /* Custom in Resources */,
				6F93B986217D452900A23E65 /* Assets.xcassets in Resources */,
				6F93B981217D452800A23E65 /* Main.storyboard in Resources */,
			);
			runOnlyForDeploymentPostprocessing = 0;
		};
/* End PBXResourcesBuildPhase section */

/* Begin PBXShellScriptBuildPhase section */
		0CE282857BA67EA2884FA546 /* [CP] Check Pods Manifest.lock */ = {
			isa = PBXShellScriptBuildPhase;
			buildActionMask = 2147483647;
			files = (
			);
			inputPaths = (
				"${PODS_PODFILE_DIR_PATH}/Podfile.lock",
				"${PODS_ROOT}/Manifest.lock",
			);
			name = "[CP] Check Pods Manifest.lock";
			outputPaths = (
				"$(DERIVED_FILE_DIR)/Pods-TestCoreData-checkManifestLockResult.txt",
			);
			runOnlyForDeploymentPostprocessing = 0;
			shellPath = /bin/sh;
			shellScript = "diff \"${PODS_PODFILE_DIR_PATH}/Podfile.lock\" \"${PODS_ROOT}/Manifest.lock\" > /dev/null\nif [ $? != 0 ] ; then\n    # print error to STDERR\n    echo \"error: The sandbox is not in sync with the Podfile.lock. Run 'pod install' or update your CocoaPods installation.\" >&2\n    exit 1\nfi\n# This output is used by Xcode 'outputs' to avoid re-running this script phase.\necho \"SUCCESS\" > \"${SCRIPT_OUTPUT_FILE_0}\"\n";
			showEnvVarsInLog = 0;
		};
		7F75B1B0CC8909128678CC47 /* [CP] Embed Pods Frameworks */ = {
			isa = PBXShellScriptBuildPhase;
			buildActionMask = 2147483647;
			files = (
			);
			inputPaths = (
				"${SRCROOT}/Pods/Target Support Files/Pods-TestCoreData/Pods-TestCoreData-frameworks.sh",
				"${BUILT_PRODUCTS_DIR}/SVProgressHUD/SVProgressHUD.framework",
			);
			name = "[CP] Embed Pods Frameworks";
			outputPaths = (
				"${TARGET_BUILD_DIR}/${FRAMEWORKS_FOLDER_PATH}/SVProgressHUD.framework",
			);
			runOnlyForDeploymentPostprocessing = 0;
			shellPath = /bin/sh;
			shellScript = "\"${SRCROOT}/Pods/Target Support Files/Pods-TestCoreData/Pods-TestCoreData-frameworks.sh\"\n";
			showEnvVarsInLog = 0;
		};
/* End PBXShellScriptBuildPhase section */

/* Begin PBXSourcesBuildPhase section */
		6F93B974217D452800A23E65 /* Sources */ = {
			isa = PBXSourcesBuildPhase;
			buildActionMask = 2147483647;
			files = (
				6F93B9A1217EEEED00A23E65 /* CategoryViewController.swift in Sources */,
				6F93B97E217D452800A23E65 /* ViewController.swift in Sources */,
				6F93B994217D47DC00A23E65 /* Task.swift in Sources */,
				6F93B984217D452800A23E65 /* TestCoreData.xcdatamodeld in Sources */,
				6F93B97C217D452800A23E65 /* AppDelegate.swift in Sources */,
				6F93B9A3217EEFC100A23E65 /* Category.swift in Sources */,
			);
			runOnlyForDeploymentPostprocessing = 0;
		};
/* End PBXSourcesBuildPhase section */

/* Begin PBXVariantGroup section */
		6F93B97F217D452800A23E65 /* Main.storyboard */ = {
			isa = PBXVariantGroup;
			children = (
				6F93B980217D452800A23E65 /* Base */,
			);
			name = Main.storyboard;
			sourceTree = "<group>";
		};
		6F93B987217D452900A23E65 /* LaunchScreen.storyboard */ = {
			isa = PBXVariantGroup;
			children = (
				6F93B988217D452900A23E65 /* Base */,
			);
			name = LaunchScreen.storyboard;
			sourceTree = "<group>";
		};
/* End PBXVariantGroup section */

/* Begin XCBuildConfiguration section */
		6F93B98B217D452900A23E65 /* Debug */ = {
			isa = XCBuildConfiguration;
			buildSettings = {
				ALWAYS_SEARCH_USER_PATHS = NO;
				CLANG_ANALYZER_NONNULL = YES;
				CLANG_ANALYZER_NUMBER_OBJECT_CONVERSION = YES_AGGRESSIVE;
				CLANG_CXX_LANGUAGE_STANDARD = "gnu++14";
				CLANG_CXX_LIBRARY = "libc++";
				CLANG_ENABLE_MODULES = YES;
				CLANG_ENABLE_OBJC_ARC = YES;
				CLANG_ENABLE_OBJC_WEAK = YES;
				CLANG_WARN_BLOCK_CAPTURE_AUTORELEASING = YES;
				CLANG_WARN_BOOL_CONVERSION = YES;
				CLANG_WARN_COMMA = YES;
				CLANG_WARN_CONSTANT_CONVERSION = YES;
				CLANG_WARN_DEPRECATED_OBJC_IMPLEMENTATIONS = YES;
				CLANG_WARN_DIRECT_OBJC_ISA_USAGE = YES_ERROR;
				CLANG_WARN_DOCUMENTATION_COMMENTS = YES;
				CLANG_WARN_EMPTY_BODY = YES;
				CLANG_WARN_ENUM_CONVERSION = YES;
				CLANG_WARN_INFINITE_RECURSION = YES;
				CLANG_WARN_INT_CONVERSION = YES;
				CLANG_WARN_NON_LITERAL_NULL_CONVERSION = YES;
				CLANG_WARN_OBJC_IMPLICIT_RETAIN_SELF = YES;
				CLANG_WARN_OBJC_LITERAL_CONVERSION = YES;
				CLANG_WARN_OBJC_ROOT_CLASS = YES_ERROR;
				CLANG_WARN_RANGE_LOOP_ANALYSIS = YES;
				CLANG_WARN_STRICT_PROTOTYPES = YES;
				CLANG_WARN_SUSPICIOUS_MOVE = YES;
				CLANG_WARN_UNGUARDED_AVAILABILITY = YES_AGGRESSIVE;
				CLANG_WARN_UNREACHABLE_CODE = YES;
				CLANG_WARN__DUPLICATE_METHOD_MATCH = YES;
				CODE_SIGN_IDENTITY = "iPhone Developer";
				COPY_PHASE_STRIP = NO;
				DEBUG_INFORMATION_FORMAT = dwarf;
				ENABLE_STRICT_OBJC_MSGSEND = YES;
				ENABLE_TESTABILITY = YES;
				GCC_C_LANGUAGE_STANDARD = gnu11;
				GCC_DYNAMIC_NO_PIC = NO;
				GCC_NO_COMMON_BLOCKS = YES;
				GCC_OPTIMIZATION_LEVEL = 0;
				GCC_PREPROCESSOR_DEFINITIONS = (
					"DEBUG=1",
					"$(inherited)",
				);
				GCC_WARN_64_TO_32_BIT_CONVERSION = YES;
				GCC_WARN_ABOUT_RETURN_TYPE = YES_ERROR;
				GCC_WARN_UNDECLARED_SELECTOR = YES;
				GCC_WARN_UNINITIALIZED_AUTOS = YES_AGGRESSIVE;
				GCC_WARN_UNUSED_FUNCTION = YES;
				GCC_WARN_UNUSED_VARIABLE = YES;
				IPHONEOS_DEPLOYMENT_TARGET = 11.3;
				MTL_ENABLE_DEBUG_INFO = YES;
				ONLY_ACTIVE_ARCH = YES;
				SDKROOT = iphoneos;
				SWIFT_ACTIVE_COMPILATION_CONDITIONS = DEBUG;
				SWIFT_OPTIMIZATION_LEVEL = "-Onone";
			};
			name = Debug;
		};
		6F93B98C217D452900A23E65 /* Release */ = {
			isa = XCBuildConfiguration;
			buildSettings = {
				ALWAYS_SEARCH_USER_PATHS = NO;
				CLANG_ANALYZER_NONNULL = YES;
				CLANG_ANALYZER_NUMBER_OBJECT_CONVERSION = YES_AGGRESSIVE;
				CLANG_CXX_LANGUAGE_STANDARD = "gnu++14";
				CLANG_CXX_LIBRARY = "libc++";
				CLANG_ENABLE_MODULES = YES;
				CLANG_ENABLE_OBJC_ARC = YES;
				CLANG_ENABLE_OBJC_WEAK = YES;
				CLANG_WARN_BLOCK_CAPTURE_AUTORELEASING = YES;
				CLANG_WARN_BOOL_CONVERSION = YES;
				CLANG_WARN_COMMA = YES;
				CLANG_WARN_CONSTANT_CONVERSION = YES;
				CLANG_WARN_DEPRECATED_OBJC_IMPLEMENTATIONS = YES;
				CLANG_WARN_DIRECT_OBJC_ISA_USAGE = YES_ERROR;
				CLANG_WARN_DOCUMENTATION_COMMENTS = YES;
				CLANG_WARN_EMPTY_BODY = YES;
				CLANG_WARN_ENUM_CONVERSION = YES;
				CLANG_WARN_INFINITE_RECURSION = YES;
				CLANG_WARN_INT_CONVERSION = YES;
				CLANG_WARN_NON_LITERAL_NULL_CONVERSION = YES;
				CLANG_WARN_OBJC_IMPLICIT_RETAIN_SELF = YES;
				CLANG_WARN_OBJC_LITERAL_CONVERSION = YES;
				CLANG_WARN_OBJC_ROOT_CLASS = YES_ERROR;
				CLANG_WARN_RANGE_LOOP_ANALYSIS = YES;
				CLANG_WARN_STRICT_PROTOTYPES = YES;
				CLANG_WARN_SUSPICIOUS_MOVE = YES;
				CLANG_WARN_UNGUARDED_AVAILABILITY = YES_AGGRESSIVE;
				CLANG_WARN_UNREACHABLE_CODE = YES;
				CLANG_WARN__DUPLICATE_METHOD_MATCH = YES;
				CODE_SIGN_IDENTITY = "iPhone Developer";
				COPY_PHASE_STRIP = NO;
				DEBUG_INFORMATION_FORMAT = "dwarf-with-dsym";
				ENABLE_NS_ASSERTIONS = NO;
				ENABLE_STRICT_OBJC_MSGSEND = YES;
				GCC_C_LANGUAGE_STANDARD = gnu11;
				GCC_NO_COMMON_BLOCKS = YES;
				GCC_WARN_64_TO_32_BIT_CONVERSION = YES;
				GCC_WARN_ABOUT_RETURN_TYPE = YES_ERROR;
				GCC_WARN_UNDECLARED_SELECTOR = YES;
				GCC_WARN_UNINITIALIZED_AUTOS = YES_AGGRESSIVE;
				GCC_WARN_UNUSED_FUNCTION = YES;
				GCC_WARN_UNUSED_VARIABLE = YES;
				IPHONEOS_DEPLOYMENT_TARGET = 11.3;
				MTL_ENABLE_DEBUG_INFO = NO;
				SDKROOT = iphoneos;
				SWIFT_COMPILATION_MODE = wholemodule;
				SWIFT_OPTIMIZATION_LEVEL = "-O";
				VALIDATE_PRODUCT = YES;
			};
			name = Release;
		};
		6F93B98E217D452900A23E65 /* Debug */ = {
			isa = XCBuildConfiguration;
			baseConfigurationReference = 8EFB7D80B2F0C09E3EBB79CB /* Pods-TestCoreData.debug.xcconfig */;
			buildSettings = {
				ASSETCATALOG_COMPILER_APPICON_NAME = AppIcon;
				CODE_SIGN_STYLE = Automatic;
				DEVELOPMENT_TEAM = 93CXP6R5M8;
				INFOPLIST_FILE = TestCoreData/Info.plist;
				LD_RUNPATH_SEARCH_PATHS = (
					"$(inherited)",
					"@executable_path/Frameworks",
				);
				PRODUCT_BUNDLE_IDENTIFIER = com.ljbdelacruz.TestCoreData;
				PRODUCT_NAME = "$(TARGET_NAME)";
				SWIFT_VERSION = 4.0;
				TARGETED_DEVICE_FAMILY = "1,2";
			};
			name = Debug;
		};
		6F93B98F217D452900A23E65 /* Release */ = {
			isa = XCBuildConfiguration;
			baseConfigurationReference = EA34B5C1AD6E37427FB8891F /* Pods-TestCoreData.release.xcconfig */;
			buildSettings = {
				ASSETCATALOG_COMPILER_APPICON_NAME = AppIcon;
				CODE_SIGN_STYLE = Automatic;
				DEVELOPMENT_TEAM = 93CXP6R5M8;
				INFOPLIST_FILE = TestCoreData/Info.plist;
				LD_RUNPATH_SEARCH_PATHS = (
					"$(inherited)",
					"@executable_path/Frameworks",
				);
				PRODUCT_BUNDLE_IDENTIFIER = com.ljbdelacruz.TestCoreData;
				PRODUCT_NAME = "$(TARGET_NAME)";
				SWIFT_VERSION = 4.0;
				TARGETED_DEVICE_FAMILY = "1,2";
			};
			name = Release;
		};
/* End XCBuildConfiguration section */

/* Begin XCConfigurationList section */
		6F93B973217D452800A23E65 /* Build configuration list for PBXProject "TestCoreData" */ = {
			isa = XCConfigurationList;
			buildConfigurations = (
				6F93B98B217D452900A23E65 /* Debug */,
				6F93B98C217D452900A23E65 /* Release */,
			);
			defaultConfigurationIsVisible = 0;
			defaultConfigurationName = Release;
		};
		6F93B98D217D452900A23E65 /* Build configuration list for PBXNativeTarget "TestCoreData" */ = {
			isa = XCConfigurationList;
			buildConfigurations = (
				6F93B98E217D452900A23E65 /* Debug */,
				6F93B98F217D452900A23E65 /* Release */,
			);
			defaultConfigurationIsVisible = 0;
			defaultConfigurationName = Release;
		};
/* End XCConfigurationList section */

/* Begin XCVersionGroup section */
		6F93B982217D452800A23E65 /* TestCoreData.xcdatamodeld */ = {
			isa = XCVersionGroup;
			children = (
				6F93B983217D452800A23E65 /* TestCoreData.xcdatamodel */,
			);
			currentVersion = 6F93B983217D452800A23E65 /* TestCoreData.xcdatamodel */;
			path = TestCoreData.xcdatamodeld;
			sourceTree = "<group>";
			versionGroupType = wrapper.xcdatamodel;
		};
/* End XCVersionGroup section */
	};
	rootObject = 6F93B970217D452800A23E65 /* Project object */;
}
